# This file is automatically @generated by Cargo.
# It is not intended for manual editing.
version = 4

[[package]]
name = "addr2line"
version = "0.25.1"
source = "registry+https://github.com/rust-lang/crates.io-index"
checksum = "1b5d307320b3181d6d7954e663bd7c774a838b8220fe0593c86d9fb09f498b4b"
dependencies = [
 "gimli",
]

[[package]]
name = "adler2"
version = "2.0.1"
source = "registry+https://github.com/rust-lang/crates.io-index"
checksum = "320119579fcad9c21884f5c4861d16174d0e06250625266f50fe6898340abefa"

[[package]]
name = "aho-corasick"
version = "1.1.4"
source = "registry+https://github.com/rust-lang/crates.io-index"
checksum = "ddd31a130427c27518df266943a5308ed92d4b226cc639f5a8f1002816174301"
dependencies = [
 "memchr",
]

[[package]]
name = "allocator-api2"
version = "0.2.21"
source = "registry+https://github.com/rust-lang/crates.io-index"
checksum = "683d7910e743518b0e34f1186f92494becacb047c7b6bf616c96772180fef923"

[[package]]
name = "android_system_properties"
version = "0.1.5"
source = "registry+https://github.com/rust-lang/crates.io-index"
checksum = "819e7219dbd41043ac279b19830f2efc897156490d7fd6ea916720117ee66311"
dependencies = [
 "libc",
]

[[package]]
name = "anyhow"
version = "1.0.102"
source = "registry+https://github.com/rust-lang/crates.io-index"
checksum = "7f202df86484c868dbad7eaa557ef785d5c66295e41b460ef922eca0723b842c"

[[package]]
name = "approx"
version = "0.5.1"
source = "registry+https://github.com/rust-lang/crates.io-index"
checksum = "cab112f0a86d568ea0e627cc1d6be74a1e9cd55214684db5561995f6dad897c6"
dependencies = [
 "num-traits",
]

[[package]]
name = "autocfg"
version = "1.5.0"
source = "registry+https://github.com/rust-lang/crates.io-index"
checksum = "c08606f8c3cbf4ce6ec8e28fb0014a2c086708fe954eaa885384a6165172e7e8"

[[package]]
name = "backtrace"
version = "0.3.76"
source = "registry+https://github.com/rust-lang/crates.io-index"
checksum = "bb531853791a215d7c62a30daf0dde835f381ab5de4589cfe7c649d2cbe92bd6"
dependencies = [
 "addr2line",
 "cfg-if",
 "libc",
 "miniz_oxide",
 "object",
 "rustc-demangle",
 "windows-link 0.2.1",
]

[[package]]
name = "bitflags"
version = "2.11.1"
source = "registry+https://github.com/rust-lang/crates.io-index"
checksum = "c4512299f36f043ab09a583e57bceb5a5aab7a73db1805848e8fef3c9e8c78b3"

[[package]]
name = "bumpalo"
version = "3.20.2"
source = "registry+https://github.com/rust-lang/crates.io-index"
checksum = "5d20789868f4b01b2f2caec9f5c4e0213b41e3e5702a50157d699ae31ced2fcb"

[[package]]
name = "bytemuck"
version = "1.25.0"
source = "registry+https://github.com/rust-lang/crates.io-index"
checksum = "c8efb64bd706a16a1bdde310ae86b351e4d21550d98d056f22f8a7f7a2183fec"

[[package]]
name = "cc"
version = "1.2.46"
source = "registry+https://github.com/rust-lang/crates.io-index"
checksum = "b97463e1064cb1b1c1384ad0a0b9c8abd0988e2a91f52606c80ef14aadb63e36"
dependencies = [
 "find-msvc-tools",
 "shlex",
]

[[package]]
name = "cfg-if"
version = "1.0.1"
source = "registry+https://github.com/rust-lang/crates.io-index"
checksum = "9555578bc9e57714c812a1f84e4fc5b4d21fcb063490c624de019f7464c91268"

[[package]]
name = "chrono"
version = "0.4.44"
source = "registry+https://github.com/rust-lang/crates.io-index"
checksum = "c673075a2e0e5f4a1dde27ce9dee1ea4558c7ffe648f576438a20ca1d2acc4b0"
dependencies = [
 "iana-time-zone",
 "js-sys",
 "num-traits",
 "wasm-bindgen",
 "windows-link 0.2.1",
]

[[package]]
name = "color-eyre"
version = "0.6.5"
source = "registry+https://github.com/rust-lang/crates.io-index"
checksum = "e5920befb47832a6d61ee3a3a846565cfa39b331331e68a3b1d1116630f2f26d"
dependencies = [
 "backtrace",
 "color-spantrace",
 "eyre",
 "indenter",
 "once_cell",
 "owo-colors",
 "tracing-error",
]

[[package]]
name = "color-spantrace"
version = "0.3.0"
source = "registry+https://github.com/rust-lang/crates.io-index"
checksum = "b8b88ea9df13354b55bc7234ebcce36e6ef896aca2e42a15de9e10edce01b427"
dependencies = [
 "once_cell",
 "owo-colors",
 "tracing-core",
 "tracing-error",
]

[[package]]
name = "const-fnv1a-hash"
version = "1.1.0"
source = "registry+https://github.com/rust-lang/crates.io-index"
checksum = "32b13ea120a812beba79e34316b3942a857c86ec1593cb34f27bb28272ce2cca"

[[package]]
name = "core-foundation-sys"
version = "0.8.7"
source = "registry+https://github.com/rust-lang/crates.io-index"
checksum = "773648b94d0e5d620f64f280777445740e61fe701025087ec8b57f45c791888b"

[[package]]
name = "core_maths"
version = "0.1.1"
source = "registry+https://github.com/rust-lang/crates.io-index"
checksum = "77745e017f5edba1a9c1d854f6f3a52dac8a12dd5af5d2f54aecf61e43d80d30"
dependencies = [
 "libm",
]

[[package]]
name = "embed-resource"
version = "3.0.6"
source = "registry+https://github.com/rust-lang/crates.io-index"
checksum = "55a075fc573c64510038d7ee9abc7990635863992f83ebc52c8b433b8411a02e"
dependencies = [
 "cc",
 "memchr",
 "rustc_version",
 "toml",
 "vswhom",
 "winreg",
]

[[package]]
name = "equivalent"
version = "1.0.2"
source = "registry+https://github.com/rust-lang/crates.io-index"
checksum = "877a4ace8713b0bcf2a4e7eec82529c029f1d0619886d18145fea96c3ffe5c0f"

[[package]]
name = "errno"
version = "0.3.14"
source = "registry+https://github.com/rust-lang/crates.io-index"
checksum = "39cab71617ae0d63f51a36d69f866391735b51691dbda63cf6f96d042b63efeb"
dependencies = [
 "libc",
 "windows-sys",
]

[[package]]
name = "eyre"
version = "0.6.12"
source = "registry+https://github.com/rust-lang/crates.io-index"
checksum = "7cd915d99f24784cdc19fd37ef22b97e3ff0ae756c7e492e9fbfe897d61e2aec"
dependencies = [
 "indenter",
 "once_cell",
]

[[package]]
name = "facet"
version = "0.44.1"
source = "registry+https://github.com/rust-lang/crates.io-index"
checksum = "98c578b0cf6efa3459c6ff5f9f67ddfa668ba778fdbf301a1ba6bb493bf32aba"
dependencies = [
 "autocfg",
 "facet-core",
 "facet-macros",
]

[[package]]
name = "facet-core"
version = "0.44.1"
source = "registry+https://github.com/rust-lang/crates.io-index"
checksum = "cf2c09e5a796b8989e7555cbe097ddd3c3ffa4c02392b9b4ad0d7cd48b1af5c2"
dependencies = [
 "autocfg",
 "const-fnv1a-hash",
 "iddqd",
 "impls",
 "uuid",
]

[[package]]
name = "facet-macro-parse"
version = "0.44.1"
source = "registry+https://github.com/rust-lang/crates.io-index"
checksum = "b0ecddfa2b01f0ea083571f9cbb945222bc6603ce2c1cad9105eb8a432e09298"
dependencies = [
 "facet-macro-types",
 "proc-macro2",
 "quote",
]

[[package]]
name = "facet-macro-types"
version = "0.44.1"
source = "registry+https://github.com/rust-lang/crates.io-index"
checksum = "e22ff06d4c4bb3cc6cfaf51d20c66444d7845ab047a7cd500b2677f01a9f6fd9"
dependencies = [
 "proc-macro2",
 "quote",
 "unsynn",
]

[[package]]
name = "facet-macros"
version = "0.44.1"
source = "registry+https://github.com/rust-lang/crates.io-index"
checksum = "9cd4fe21b304e67937988fd88ef0907453a11921597fddff8ea8dc711575bfc7"
dependencies = [
 "facet-macros-impl",
]

[[package]]
name = "facet-macros-impl"
version = "0.44.1"
source = "registry+https://github.com/rust-lang/crates.io-index"
checksum = "b050ae34e587b27fa45e33720722be8ccc20a3d64f4560882cffae1ce65c564f"
dependencies = [
 "facet-macro-parse",
 "facet-macro-types",
 "proc-macro2",
 "quote",
 "strsim",
 "unsynn",
]

[[package]]
name = "fastrand"
version = "2.4.1"
source = "registry+https://github.com/rust-lang/crates.io-index"
checksum = "9f1f227452a390804cdb637b74a86990f2a7d7ba4b7d5693aac9b4dd6defd8d6"

[[package]]
name = "find-msvc-tools"
version = "0.1.5"
source = "registry+https://github.com/rust-lang/crates.io-index"
checksum = "3a3076410a55c90011c298b04d0cfa770b00fa04e1e3c97d3f6c9de105a03844"

[[package]]
name = "foldhash"
version = "0.1.5"
source = "registry+https://github.com/rust-lang/crates.io-index"
checksum = "d9c4f5dac5e15c24eb999c26181a6ca40b39fe946cbe4c263c7209467bc83af2"

[[package]]
name = "foldhash"
version = "0.2.0"
source = "registry+https://github.com/rust-lang/crates.io-index"
checksum = "77ce24cb58228fbb8aa041425bb1050850ac19177686ea6e0f41a70416f56fdb"

[[package]]
name = "fontconfig-parser"
version = "0.5.8"
source = "registry+https://github.com/rust-lang/crates.io-index"
checksum = "bbc773e24e02d4ddd8395fd30dc147524273a83e54e0f312d986ea30de5f5646"
dependencies = [
 "roxmltree",
]

[[package]]
name = "fontdb"
version = "0.23.0"
source = "registry+https://github.com/rust-lang/crates.io-index"
checksum = "457e789b3d1202543297a350643cf459f836cade38934e7a4cf6a39e7cde2905"
dependencies = [
 "fontconfig-parser",
 "log",
 "memmap2",
 "slotmap",
 "tinyvec",
 "ttf-parser",
]

[[package]]
name = "futures-core"
version = "0.3.32"
source = "registry+https://github.com/rust-lang/crates.io-index"
checksum = "7e3450815272ef58cec6d564423f6e755e25379b217b0bc688e295ba24df6b1d"

[[package]]
name = "futures-task"
version = "0.3.32"
source = "registry+https://github.com/rust-lang/crates.io-index"
checksum = "037711b3d59c33004d3856fbdc83b99d4ff37a24768fa1be9ce3538a1cde4393"

[[package]]
name = "futures-util"
version = "0.3.32"
source = "registry+https://github.com/rust-lang/crates.io-index"
checksum = "389ca41296e6190b48053de0321d02a77f32f8a5d2461dd38762c0593805c6d6"
dependencies = [
 "futures-core",
 "futures-task",
 "pin-project-lite",
 "slab",
]

[[package]]
name = "generator"
version = "0.8.8"
source = "registry+https://github.com/rust-lang/crates.io-index"
checksum = "52f04ae4152da20c76fe800fa48659201d5cf627c5149ca0b707b69d7eef6cf9"
dependencies = [
 "cc",
 "cfg-if",
 "libc",
 "log",
 "rustversion",
 "windows-link 0.2.1",
 "windows-result",
]

[[package]]
name = "getrandom"
version = "0.4.2"
source = "registry+https://github.com/rust-lang/crates.io-index"
checksum = "0de51e6874e94e7bf76d726fc5d13ba782deca734ff60d5bb2fb2607c7406555"
dependencies = [
 "cfg-if",
 "libc",
 "r-efi",
 "wasip2",
 "wasip3",
]

[[package]]
name = "gimli"
version = "0.32.3"
source = "registry+https://github.com/rust-lang/crates.io-index"
checksum = "e629b9b98ef3dd8afe6ca2bd0f89306cec16d43d907889945bc5d6687f2f13c7"

[[package]]
name = "glam"
version = "0.14.0"
source = "registry+https://github.com/rust-lang/crates.io-index"
checksum = "333928d5eb103c5d4050533cec0384302db6be8ef7d3cebd30ec6a35350353da"

[[package]]
name = "glam"
version = "0.15.2"
source = "registry+https://github.com/rust-lang/crates.io-index"
checksum = "3abb554f8ee44336b72d522e0a7fe86a29e09f839a36022fa869a7dfe941a54b"

[[package]]
name = "glam"
version = "0.16.0"
source = "registry+https://github.com/rust-lang/crates.io-index"
checksum = "4126c0479ccf7e8664c36a2d719f5f2c140fbb4f9090008098d2c291fa5b3f16"

[[package]]
name = "glam"
version = "0.17.3"
source = "registry+https://github.com/rust-lang/crates.io-index"
checksum = "e01732b97afd8508eee3333a541b9f7610f454bb818669e66e90f5f57c93a776"

[[package]]
name = "glam"
version = "0.18.0"
source = "registry+https://github.com/rust-lang/crates.io-index"
checksum = "525a3e490ba77b8e326fb67d4b44b4bd2f920f44d4cc73ccec50adc68e3bee34"

[[package]]
name = "glam"
version = "0.19.0"
source = "registry+https://github.com/rust-lang/crates.io-index"
checksum = "2b8509e6791516e81c1a630d0bd7fbac36d2fa8712a9da8662e716b52d5051ca"

[[package]]
name = "glam"
version = "0.20.5"
source = "registry+https://github.com/rust-lang/crates.io-index"
checksum = "f43e957e744be03f5801a55472f593d43fabdebf25a4585db250f04d86b1675f"

[[package]]
name = "glam"
version = "0.21.3"
source = "registry+https://github.com/rust-lang/crates.io-index"
checksum = "518faa5064866338b013ff9b2350dc318e14cc4fcd6cb8206d7e7c9886c98815"

[[package]]
name = "glam"
version = "0.22.0"
source = "registry+https://github.com/rust-lang/crates.io-index"
checksum = "12f597d56c1bd55a811a1be189459e8fad2bbc272616375602443bdfb37fa774"

[[package]]
name = "glam"
version = "0.23.0"
source = "registry+https://github.com/rust-lang/crates.io-index"
checksum = "8e4afd9ad95555081e109fe1d21f2a30c691b5f0919c67dfa690a2e1eb6bd51c"

[[package]]
name = "glam"
version = "0.24.2"
source = "registry+https://github.com/rust-lang/crates.io-index"
checksum = "b5418c17512bdf42730f9032c74e1ae39afc408745ebb2acf72fbc4691c17945"

[[package]]
name = "glam"
version = "0.25.0"
source = "registry+https://github.com/rust-lang/crates.io-index"
checksum = "151665d9be52f9bb40fc7966565d39666f2d1e69233571b71b87791c7e0528b3"

[[package]]
name = "glam"
version = "0.27.0"
source = "registry+https://github.com/rust-lang/crates.io-index"
checksum = "9e05e7e6723e3455f4818c7b26e855439f7546cf617ef669d1adedb8669e5cb9"

[[package]]
name = "glam"
version = "0.28.0"
source = "registry+https://github.com/rust-lang/crates.io-index"
checksum = "779ae4bf7e8421cf91c0b3b64e7e8b40b862fba4d393f59150042de7c4965a94"

[[package]]
name = "glam"
version = "0.29.3"
source = "registry+https://github.com/rust-lang/crates.io-index"
checksum = "8babf46d4c1c9d92deac9f7be466f76dfc4482b6452fc5024b5e8daf6ffeb3ee"

[[package]]
name = "glam"
version = "0.30.10"
source = "registry+https://github.com/rust-lang/crates.io-index"
checksum = "19fc433e8437a212d1b6f1e68c7824af3aed907da60afa994e7f542d18d12aa9"

[[package]]
name = "glam"
version = "0.31.1"
source = "registry+https://github.com/rust-lang/crates.io-index"
checksum = "556f6b2ea90b8d15a74e0e7bb41671c9bdf38cd9f78c284d750b9ce58a2b5be7"

[[package]]
name = "glam"
version = "0.32.1"
source = "registry+https://github.com/rust-lang/crates.io-index"
checksum = "f70749695b063ecbf6b62949ccccde2e733ec3ecbbd71d467dca4e5c6c97cca0"

[[package]]
name = "hashbrown"
version = "0.15.5"
source = "registry+https://github.com/rust-lang/crates.io-index"
checksum = "9229cfe53dfd69f0609a49f65461bd93001ea1ef889cd5529dd176593f5338a1"
dependencies = [
 "foldhash 0.1.5",
]

[[package]]
name = "hashbrown"
version = "0.16.1"
source = "registry+https://github.com/rust-lang/crates.io-index"
checksum = "841d1cc9bed7f9236f321df977030373f4a4163ae1a7dbfe1a51a2c1a51d9100"
dependencies = [
 "allocator-api2",
]

[[package]]
name = "heck"
version = "0.5.0"
source = "registry+https://github.com/rust-lang/crates.io-index"
checksum = "2304e00983f87ffb38b55b444b5e3b60a884b5d30c0fca7d82fe33449bbe55ea"

[[package]]
name = "iana-time-zone"
version = "0.1.65"
source = "registry+https://github.com/rust-lang/crates.io-index"
checksum = "e31bc9ad994ba00e440a8aa5c9ef0ec67d5cb5e5cb0cc7f8b744a35b389cc470"
dependencies = [
 "android_system_properties",
 "core-foundation-sys",
 "iana-time-zone-haiku",
 "js-sys",
 "log",
 "wasm-bindgen",
 "windows-core",
]

[[package]]
name = "iana-time-zone-haiku"
version = "0.1.2"
source = "registry+https://github.com/rust-lang/crates.io-index"
checksum = "f31827a206f56af32e590ba56d5d2d085f558508192593743f16b2306495269f"
dependencies = [
 "cc",
]

[[package]]
name = "id-arena"
version = "2.3.0"
source = "registry+https://github.com/rust-lang/crates.io-index"
checksum = "3d3067d79b975e8844ca9eb072e16b31c3c1c36928edf9c6789548c524d0d954"

[[package]]
name = "iddqd"
version = "0.3.17"
source = "registry+https://github.com/rust-lang/crates.io-index"
checksum = "6b215e67ed1d1a4b1702acd787c487d16e4c977c5dcbcc4587bdb5ea26b6ce06"
dependencies = [
 "allocator-api2",
 "equivalent",
 "foldhash 0.2.0",
 "hashbrown 0.16.1",
 "rustc-hash",
]

[[package]]
name = "impls"
version = "1.0.3"
source = "registry+https://github.com/rust-lang/crates.io-index"
checksum = "7a46645bbd70538861a90d0f26c31537cdf1e44aae99a794fb75a664b70951bc"

[[package]]
name = "indenter"
version = "0.3.4"
source = "registry+https://github.com/rust-lang/crates.io-index"
checksum = "964de6e86d545b246d84badc0fef527924ace5134f30641c203ef52ba83f58d5"

[[package]]
name = "indexmap"
version = "2.13.0"
source = "registry+https://github.com/rust-lang/crates.io-index"
checksum = "7714e70437a7dc3ac8eb7e6f8df75fd8eb422675fc7678aff7364301092b1017"
dependencies = [
 "equivalent",
 "hashbrown 0.16.1",
 "serde",
 "serde_core",
]

[[package]]
name = "itoa"
version = "1.0.18"
source = "registry+https://github.com/rust-lang/crates.io-index"
checksum = "8f42a60cbdf9a97f5d2305f08a87dc4e09308d1276d28c869c684d7777685682"

[[package]]
name = "js-sys"
version = "0.3.98"
source = "registry+https://github.com/rust-lang/crates.io-index"
checksum = "67df7112613f8bfd9150013a0314e196f4800d3201ae742489d999db2f979f08"
dependencies = [
 "cfg-if",
 "futures-util",
 "once_cell",
 "wasm-bindgen",
]

[[package]]
name = "lazy_static"
version = "1.5.0"
source = "registry+https://github.com/rust-lang/crates.io-index"
checksum = "bbd2bcb4c963f2ddae06a2efc7e9f3591312473c50c6685e1f298068316e66fe"

[[package]]
name = "leb128fmt"
version = "0.1.0"
source = "registry+https://github.com/rust-lang/crates.io-index"
checksum = "09edd9e8b54e49e587e4f6295a7d29c3ea94d469cb40ab8ca70b288248a81db2"

[[package]]
name = "libc"
version = "0.2.186"
source = "registry+https://github.com/rust-lang/crates.io-index"
checksum = "68ab91017fe16c622486840e4c83c9a37afeff978bd239b5293d61ece587de66"

[[package]]
name = "libm"
version = "0.2.16"
source = "registry+https://github.com/rust-lang/crates.io-index"
checksum = "b6d2cec3eae94f9f509c767b45932f1ada8350c4bdb85af2fcab4a3c14807981"

[[package]]
name = "linkme"
version = "0.3.36"
source = "registry+https://github.com/rust-lang/crates.io-index"
checksum = "e83272d46373fb8decca684579ac3e7c8f3d71d4cc3aa693df8759e260ae41cf"
dependencies = [
 "linkme-impl",
]

[[package]]
name = "linkme-impl"
version = "0.3.36"
source = "registry+https://github.com/rust-lang/crates.io-index"
checksum = "32d59e20403c7d08fe62b4376edfe5c7fb2ef1e6b1465379686d0f21c8df444b"
dependencies = [
 "proc-macro2",
 "quote",
 "syn",
]

[[package]]
name = "linux-raw-sys"
version = "0.12.1"
source = "registry+https://github.com/rust-lang/crates.io-index"
checksum = "32a66949e030da00e8c7d4434b251670a91556f4144941d37452769c25d58a53"

[[package]]
name = "log"
version = "0.4.29"
source = "registry+https://github.com/rust-lang/crates.io-index"
checksum = "5e5032e24019045c762d3c0f28f5b6b8bbf38563a65908389bf7978758920897"

[[package]]
name = "loom"
version = "0.7.2"
source = "registry+https://github.com/rust-lang/crates.io-index"
checksum = "419e0dc8046cb947daa77eb95ae174acfbddb7673b4151f56d1eed8e93fbfaca"
dependencies = [
 "cfg-if",
 "generator",
 "scoped-tls",
 "tracing",
 "tracing-subscriber",
]

[[package]]
name = "matchers"
version = "0.2.0"
source = "registry+https://github.com/rust-lang/crates.io-index"
checksum = "d1525a2a28c7f4fa0fc98bb91ae755d1e2d1505079e05539e35bc876b5d65ae9"
dependencies = [
 "regex-automata",
]

[[package]]
name = "matrixmultiply"
version = "0.3.10"
source = "registry+https://github.com/rust-lang/crates.io-index"
checksum = "a06de3016e9fae57a36fd14dba131fccf49f74b40b7fbdb472f96e361ec71a08"
dependencies = [
 "autocfg",
 "rawpointer",
]

[[package]]
name = "memchr"
version = "2.7.5"
source = "registry+https://github.com/rust-lang/crates.io-index"
checksum = "32a282da65faaf38286cf3be983213fcf1d2e2a58700e808f83f4ea9a4804bc0"

[[package]]
name = "memmap2"
version = "0.9.10"
source = "registry+https://github.com/rust-lang/crates.io-index"
checksum = "714098028fe011992e1c3962653c96b2d578c4b4bce9036e15ff220319b1e0e3"
dependencies = [
 "libc",
]

[[package]]
name = "miniz_oxide"
version = "0.8.9"
source = "registry+https://github.com/rust-lang/crates.io-index"
checksum = "1fa76a2c86f704bdb222d66965fb3d63269ce38518b83cb0575fca855ebb6316"
dependencies = [
 "adler2",
]

[[package]]
name = "mutants"
version = "0.0.3"
source = "registry+https://github.com/rust-lang/crates.io-index"
checksum = "bc0287524726960e07b119cebd01678f852f147742ae0d925e6a520dca956126"

[[package]]
name = "nalgebra"
version = "0.34.2"
source = "registry+https://github.com/rust-lang/crates.io-index"
checksum = "df76ea0ff5c7e6b88689085804d6132ded0ddb9de5ca5b8aeb9eeadc0508a70a"
dependencies = [
 "approx",
 "glam 0.14.0",
 "glam 0.15.2",
 "glam 0.16.0",
 "glam 0.17.3",
 "glam 0.18.0",
 "glam 0.19.0",
 "glam 0.20.5",
 "glam 0.21.3",
 "glam 0.22.0",
 "glam 0.23.0",
 "glam 0.24.2",
 "glam 0.25.0",
 "glam 0.27.0",
 "glam 0.28.0",
 "glam 0.29.3",
 "glam 0.30.10",
 "glam 0.31.1",
 "glam 0.32.1",
 "matrixmultiply",
 "num-complex",
 "num-rational",
 "num-traits",
 "serde",
 "simba",
 "typenum",
]

[[package]]
name = "nu-ansi-term"
version = "0.50.3"
source = "registry+https://github.com/rust-lang/crates.io-index"
checksum = "7957b9740744892f114936ab4a57b3f487491bbeafaf8083688b16841a4240e5"
dependencies = [
 "windows-sys",
]

[[package]]
name = "num-bigint"
version = "0.4.6"
source = "registry+https://github.com/rust-lang/crates.io-index"
checksum = "a5e44f723f1133c9deac646763579fdb3ac745e418f2a7af9cd0c431da1f20b9"
dependencies = [
 "num-integer",
 "num-traits",
 "serde",
]

[[package]]
name = "num-complex"
version = "0.4.6"
source = "registry+https://github.com/rust-lang/crates.io-index"
checksum = "73f88a1307638156682bada9d7604135552957b7818057dcef22705b4d509495"
dependencies = [
 "num-traits",
 "serde",
]

[[package]]
name = "num-integer"
version = "0.1.46"
source = "registry+https://github.com/rust-lang/crates.io-index"
checksum = "7969661fd2958a5cb096e56c8e1ad0444ac2bbcd0061bd28660485a44879858f"
dependencies = [
 "num-traits",
]

[[package]]
name = "num-rational"
version = "0.4.2"
source = "registry+https://github.com/rust-lang/crates.io-index"
checksum = "f83d14da390562dca69fc84082e73e548e1ad308d24accdedd2720017cb37824"
dependencies = [
 "num-bigint",
 "num-integer",
 "num-traits",
 "serde",
]

[[package]]
name = "num-traits"
version = "0.2.19"
source = "registry+https://github.com/rust-lang/crates.io-index"
checksum = "071dfc062690e90b734c0b2273ce72ad0ffa95f0c74596bc250dcfd960262841"
dependencies = [
 "autocfg",
]

[[package]]
name = "object"
version = "0.37.3"
source = "registry+https://github.com/rust-lang/crates.io-index"
checksum = "ff76201f031d8863c38aa7f905eca4f53abbfa15f609db4277d44cd8938f33fe"
dependencies = [
 "memchr",
]

[[package]]
name = "once_cell"
version = "1.21.3"
source = "registry+https://github.com/rust-lang/crates.io-index"
checksum = "42f5e15c9953c5e4ccceeb2e7382a716482c34515315f7b03532b8b4e8393d2d"

[[package]]
name = "owo-colors"
version = "4.3.0"
source = "registry+https://github.com/rust-lang/crates.io-index"
checksum = "d211803b9b6b570f68772237e415a029d5a50c65d382910b879fb19d3271f94d"

[[package]]
name = "paste"
version = "1.0.15"
source = "registry+https://github.com/rust-lang/crates.io-index"
checksum = "57c0d7b74b563b49d38dae00a0c37d4d6de9b432382b2892f0574ddcae73fd0a"

[[package]]
name = "pin-project-lite"
version = "0.2.17"
source = "registry+https://github.com/rust-lang/crates.io-index"
checksum = "a89322df9ebe1c1578d689c92318e070967d1042b512afbe49518723f4e6d5cd"

[[package]]
name = "prettyplease"
version = "0.2.37"
source = "registry+https://github.com/rust-lang/crates.io-index"
checksum = "479ca8adacdd7ce8f1fb39ce9ecccbfe93a3f1344b3d0d97f20bc0196208f62b"
dependencies = [
 "proc-macro2",
 "syn",
]

[[package]]
name = "proc-macro2"
version = "1.0.106"
source = "registry+https://github.com/rust-lang/crates.io-index"
checksum = "8fd00f0bb2e90d81d1044c2b32617f68fcb9fa3bb7640c23e9c748e53fb30934"
dependencies = [
 "unicode-ident",
]

[[package]]
name = "quote"
version = "1.0.45"
source = "registry+https://github.com/rust-lang/crates.io-index"
checksum = "41f2619966050689382d2b44f664f4bc593e129785a36d6ee376ddf37259b924"
dependencies = [
 "proc-macro2",
]

[[package]]
name = "r-efi"
version = "6.0.0"
source = "registry+https://github.com/rust-lang/crates.io-index"
checksum = "f8dcc9c7d52a811697d2151c701e0d08956f92b0e24136cf4cf27b57a6a0d9bf"

[[package]]
name = "rawpointer"
version = "0.2.1"
source = "registry+https://github.com/rust-lang/crates.io-index"
checksum = "60a357793950651c4ed0f3f52338f53b2f809f32d83a07f72909fa13e4c6c1e3"

[[package]]
name = "regex-automata"
version = "0.4.14"
source = "registry+https://github.com/rust-lang/crates.io-index"
checksum = "6e1dd4122fc1595e8162618945476892eefca7b88c52820e74af6262213cae8f"
dependencies = [
 "aho-corasick",
 "memchr",
 "regex-syntax",
]

[[package]]
name = "regex-syntax"
version = "0.8.10"
source = "registry+https://github.com/rust-lang/crates.io-index"
checksum = "dc897dd8d9e8bd1ed8cdad82b5966c3e0ecae09fb1907d58efaa013543185d0a"

[[package]]
name = "roxmltree"
version = "0.20.0"
source = "registry+https://github.com/rust-lang/crates.io-index"
checksum = "6c20b6793b5c2fa6553b250154b78d6d0db37e72700ae35fad9387a46f487c97"

[[package]]
name = "rustc-demangle"
version = "0.1.27"
source = "registry+https://github.com/rust-lang/crates.io-index"
checksum = "b50b8869d9fc858ce7266cce0194bd74df58b9d0e3f6df3a9fc8eb470d95c09d"

[[package]]
name = "rustc-hash"
version = "2.1.1"
source = "registry+https://github.com/rust-lang/crates.io-index"
checksum = "357703d41365b4b27c590e3ed91eabb1b663f07c4c084095e60cbed4362dff0d"

[[package]]
name = "rustc_version"
version = "0.4.1"
source = "registry+https://github.com/rust-lang/crates.io-index"
checksum = "cfcb3a22ef46e85b45de6ee7e79d063319ebb6594faafcf1c225ea92ab6e9b92"
dependencies = [
 "semver",
]

[[package]]
name = "rustix"
version = "1.1.4"
source = "registry+https://github.com/rust-lang/crates.io-index"
checksum = "b6fe4565b9518b83ef4f91bb47ce29620ca828bd32cb7e408f0062e9930ba190"
dependencies = [
 "bitflags",
 "errno",
 "libc",
 "linux-raw-sys",
 "windows-sys",
]

[[package]]
name = "rustversion"
version = "1.0.22"
source = "registry+https://github.com/rust-lang/crates.io-index"
checksum = "b39cdef0fa800fc44525c84ccb54a029961a8215f9619753635a9c0d2538d46d"

[[package]]
name = "safe_arch"
version = "0.7.4"
source = "registry+https://github.com/rust-lang/crates.io-index"
checksum = "96b02de82ddbe1b636e6170c21be622223aea188ef2e139be0a5b219ec215323"
dependencies = [
 "bytemuck",
]

[[package]]
name = "scoped-tls"
version = "1.0.1"
source = "registry+https://github.com/rust-lang/crates.io-index"
checksum = "e1cf6437eb19a8f4a6cc0f7dca544973b0b78843adbfeb3683d1a94a0024a294"

[[package]]
name = "semver"
version = "1.0.27"
source = "registry+https://github.com/rust-lang/crates.io-index"
checksum = "d767eb0aabc880b29956c35734170f26ed551a859dbd361d140cdbeca61ab1e2"

[[package]]
name = "serde"
version = "1.0.228"
source = "registry+https://github.com/rust-lang/crates.io-index"
checksum = "9a8e94ea7f378bd32cbbd37198a4a91436180c5bb472411e48b5ec2e2124ae9e"
dependencies = [
 "serde_core",
 "serde_derive",
]

[[package]]
name = "serde_core"
version = "1.0.228"
source = "registry+https://github.com/rust-lang/crates.io-index"
checksum = "41d385c7d4ca58e59fc732af25c3983b67ac852c1a25000afe1175de458b67ad"
dependencies = [
 "serde_derive",
]

[[package]]
name = "serde_derive"
version = "1.0.228"
source = "registry+https://github.com/rust-lang/crates.io-index"
checksum = "d540f220d3187173da220f885ab66608367b6574e925011a9353e4badda91d79"
dependencies = [
 "proc-macro2",
 "quote",
 "syn",
]

[[package]]
name = "serde_json"
version = "1.0.149"
source = "registry+https://github.com/rust-lang/crates.io-index"
checksum = "83fc039473c5595ace860d8c4fafa220ff474b3fc6bfdb4293327f1a37e94d86"
dependencies = [
 "itoa",
 "memchr",
 "serde",
 "serde_core",
 "zmij",
]

[[package]]
name = "serde_spanned"
version = "1.0.4"
source = "registry+https://github.com/rust-lang/crates.io-index"
checksum = "f8bbf91e5a4d6315eee45e704372590b30e260ee83af6639d64557f51b067776"
dependencies = [
 "serde_core",
]

[[package]]
name = "sguaba"
version = "0.10.3"
source = "registry+https://github.com/rust-lang/crates.io-index"
checksum = "0c68e5853ce1ef5aca3959f2369da9bc84a0582680792cfc7baf9bef51a16c0a"
dependencies = [
 "approx",
 "nalgebra",
 "serde",
 "typenum",
 "uom",
]

[[package]]
name = "sharded-slab"
version = "0.1.7"
source = "registry+https://github.com/rust-lang/crates.io-index"
checksum = "f40ca3c46823713e0d4209592e8d6e826aa57e928f09752619fc696c499637f6"
dependencies = [
 "lazy_static",
]

[[package]]
name = "shlex"
version = "1.3.0"
source = "registry+https://github.com/rust-lang/crates.io-index"
checksum = "0fda2ff0d084019ba4d7c6f371c95d8fd75ce3524c3cb8fb653a3023f6323e64"

[[package]]
name = "simba"
version = "0.9.1"
source = "registry+https://github.com/rust-lang/crates.io-index"
checksum = "c99284beb21666094ba2b75bbceda012e610f5479dfcc2d6e2426f53197ffd95"
dependencies = [
 "approx",
 "num-complex",
 "num-traits",
 "paste",
 "wide",
]

[[package]]
name = "slab"
version = "0.4.12"
source = "registry+https://github.com/rust-lang/crates.io-index"
checksum = "0c790de23124f9ab44544d7ac05d60440adc586479ce501c1d6d7da3cd8c9cf5"

[[package]]
name = "slotmap"
version = "1.1.1"
source = "registry+https://github.com/rust-lang/crates.io-index"
checksum = "bdd58c3c93c3d278ca835519292445cb4b0d4dc59ccfdf7ceadaab3f8aeb4038"
dependencies = [
 "version_check",
]

[[package]]
name = "smallvec"
version = "1.15.1"
source = "registry+https://github.com/rust-lang/crates.io-index"
checksum = "67b1b7a3b5fe4f1376887184045fcf45c69e92af734b7aaddc05fb777b6fbd03"

[[package]]
name = "strsim"
version = "0.11.1"
source = "registry+https://github.com/rust-lang/crates.io-index"
checksum = "7da8b5736845d9f2fcb837ea5d9e2628564b3b043a70948a3f0b778838c5fb4f"

[[package]]
name = "syn"
version = "2.0.117"
source = "registry+https://github.com/rust-lang/crates.io-index"
checksum = "e665b8803e7b1d2a727f4023456bbbbe74da67099c585258af0ad9c5013b9b99"
dependencies = [
 "proc-macro2",
 "quote",
 "unicode-ident",
]

[[package]]
name = "teamy-studio"
version = "0.1.0"
dependencies = [
 "embed-resource",
 "eyre",
 "teamy_studio_startup",
 "tracing",
 "tracing-subscriber",
]

[[package]]
name = "teamy_studio_cursor_gallery"
version = "0.1.0"
dependencies = [
 "eyre",
 "linkme",
 "teamy_studio_event_core",
 "teamy_studio_main_menu",
 "teamy_studio_registration_core",
 "teamy_studio_shell",
 "windows",
]

[[package]]
name = "teamy_studio_event_core"
version = "0.1.0"
dependencies = [
 "facet",
 "uuid",
]

[[package]]
name = "teamy_studio_fonts"
version = "0.1.0"
dependencies = [
 "eyre",
 "fontdb",
 "num-traits",
 "ttf-parser",
]

[[package]]
name = "teamy_studio_launcher_catalog"
version = "0.1.0"
dependencies = [
 "linkme",
 "teamy_studio_main_menu",
]

[[package]]
name = "teamy_studio_main_menu"
version = "0.1.0"
dependencies = [
 "eyre",
 "linkme",
 "teamy_studio_event_core",
 "teamy_studio_registration_core",
 "teamy_studio_shell",
 "tracing",
 "windows",
]

[[package]]
name = "teamy_studio_registration_core"
version = "0.1.0"
dependencies = [
 "facet",
 "linkme",
 "teamy_studio_event_core",
 "uuid",
]

[[package]]
name = "teamy_studio_shell"
version = "0.1.0"
dependencies = [
 "eyre",
 "linkme",
 "teamy_studio_event_core",
 "teamy_studio_fonts",
 "teamy_studio_registration_core",
 "teamy_studio_timeline_core",
 "tracing",
 "windows",
]

[[package]]
name = "teamy_studio_startup"
version = "0.1.0"
dependencies = [
 "chrono",
 "color-eyre",
 "eyre",
 "facet",
 "linkme",
 "sguaba",
 "teamy_studio_cursor_gallery",
 "teamy_studio_event_core",
 "teamy_studio_launcher_catalog",
 "teamy_studio_main_menu",
 "teamy_studio_registration_core",
 "teamy_studio_shell",
 "teamy_studio_timeline_core",
 "tempfile",
 "tracing",
 "tracing-subscriber",
 "tracing-tracy",
 "uom",
 "windows",
]

[[package]]
name = "teamy_studio_timeline_core"
version = "0.1.0"
dependencies = [
 "eyre",
 "facet",
 "teamy_studio_event_core",
 "uuid",
]

[[package]]
name = "tempfile"
version = "3.27.0"
source = "registry+https://github.com/rust-lang/crates.io-index"
checksum = "32497e9a4c7b38532efcdebeef879707aa9f794296a4f0244f6f69e9bc8574bd"
dependencies = [
 "fastrand",
 "getrandom",
 "once_cell",
 "rustix",
 "windows-sys",
]

[[package]]
name = "thread_local"
version = "1.1.9"
source = "registry+https://github.com/rust-lang/crates.io-index"
checksum = "f60246a4944f24f6e018aa17cdeffb7818b76356965d03b07d6a9886e8962185"
dependencies = [
 "cfg-if",
]

[[package]]
name = "tinyvec"
version = "1.11.0"
source = "registry+https://github.com/rust-lang/crates.io-index"
checksum = "3e61e67053d25a4e82c844e8424039d9745781b3fc4f32b8d55ed50f5f667ef3"
dependencies = [
 "tinyvec_macros",
]

[[package]]
name = "tinyvec_macros"
version = "0.1.1"
source = "registry+https://github.com/rust-lang/crates.io-index"
checksum = "1f3ccbac311fea05f86f61904b462b55fb3df8837a366dfc601a0161d0532f20"

[[package]]
name = "toml"
version = "0.9.11+spec-1.1.0"
source = "registry+https://github.com/rust-lang/crates.io-index"
checksum = "f3afc9a848309fe1aaffaed6e1546a7a14de1f935dc9d89d32afd9a44bab7c46"
dependencies = [
 "indexmap",
 "serde_core",
 "serde_spanned",
 "toml_datetime",
 "toml_parser",
 "toml_writer",
 "winnow",
]

[[package]]
name = "toml_datetime"
version = "0.7.5+spec-1.1.0"
source = "registry+https://github.com/rust-lang/crates.io-index"
checksum = "92e1cfed4a3038bc5a127e35a2d360f145e1f4b971b551a2ba5fd7aedf7e1347"
dependencies = [
 "serde_core",
]

[[package]]
name = "toml_parser"
version = "1.0.6+spec-1.1.0"
source = "registry+https://github.com/rust-lang/crates.io-index"
checksum = "a3198b4b0a8e11f09dd03e133c0280504d0801269e9afa46362ffde1cbeebf44"
dependencies = [
 "winnow",
]

[[package]]
name = "toml_writer"
version = "1.0.6+spec-1.1.0"
source = "registry+https://github.com/rust-lang/crates.io-index"
checksum = "ab16f14aed21ee8bfd8ec22513f7287cd4a91aa92e44edfe2c17ddd004e92607"

[[package]]
name = "tracing"
version = "0.1.44"
source = "registry+https://github.com/rust-lang/crates.io-index"
checksum = "63e71662fa4b2a2c3a26f570f037eb95bb1f85397f3cd8076caed2f026a6d100"
dependencies = [
 "pin-project-lite",
 "tracing-attributes",
 "tracing-core",
]

[[package]]
name = "tracing-attributes"
version = "0.1.31"
source = "registry+https://github.com/rust-lang/crates.io-index"
checksum = "7490cfa5ec963746568740651ac6781f701c9c5ea257c58e057f3ba8cf69e8da"
dependencies = [
 "proc-macro2",
 "quote",
 "syn",
]

[[package]]
name = "tracing-core"
version = "0.1.36"
source = "registry+https://github.com/rust-lang/crates.io-index"
checksum = "db97caf9d906fbde555dd62fa95ddba9eecfd14cb388e4f491a66d74cd5fb79a"
dependencies = [
 "once_cell",
 "valuable",
]

[[package]]
name = "tracing-error"
version = "0.2.1"
source = "registry+https://github.com/rust-lang/crates.io-index"
checksum = "8b1581020d7a273442f5b45074a6a57d5757ad0a47dac0e9f0bd57b81936f3db"
dependencies = [
 "tracing",
 "tracing-subscriber",
]

[[package]]
name = "tracing-log"
version = "0.2.0"
source = "registry+https://github.com/rust-lang/crates.io-index"
checksum = "ee855f1f400bd0e5c02d150ae5de3840039a3f54b025156404e34c23c03f47c3"
dependencies = [
 "log",
 "once_cell",
 "tracing-core",
]

[[package]]
name = "tracing-serde"
version = "0.2.0"
source = "registry+https://github.com/rust-lang/crates.io-index"
checksum = "704b1aeb7be0d0a84fc9828cae51dab5970fee5088f83d1dd7ee6f6246fc6ff1"
dependencies = [
 "serde",
 "tracing-core",
]

[[package]]
name = "tracing-subscriber"
version = "0.3.23"
source = "registry+https://github.com/rust-lang/crates.io-index"
checksum = "cb7f578e5945fb242538965c2d0b04418d38ec25c79d160cd279bf0731c8d319"
dependencies = [
 "matchers",
 "nu-ansi-term",
 "once_cell",
 "regex-automata",
 "serde",
 "serde_json",
 "sharded-slab",
 "smallvec",
 "thread_local",
 "tracing",
 "tracing-core",
 "tracing-log",
 "tracing-serde",
]

[[package]]
name = "tracing-tracy"
version = "0.11.4"
source = "registry+https://github.com/rust-lang/crates.io-index"
checksum = "0eaa1852afa96e0fe9e44caa53dc0bd2d9d05e0f2611ce09f97f8677af56e4ba"
dependencies = [
 "tracing-core",
 "tracing-subscriber",
 "tracy-client",
]

[[package]]
name = "tracy-client"
version = "0.18.4"
source = "registry+https://github.com/rust-lang/crates.io-index"
checksum = "a4f6fc3baeac5d86ab90c772e9e30620fc653bf1864295029921a15ef478e6a5"
dependencies = [
 "loom",
 "once_cell",
 "tracy-client-sys",
]

[[package]]
name = "tracy-client-sys"
version = "0.28.0"
source = "registry+https://github.com/rust-lang/crates.io-index"
checksum = "c5f7c95348f20c1c913d72157b3c6dee6ea3e30b3d19502c5a7f6d3f160dacbf"
dependencies = [
 "cc",
 "windows-targets",
]

[[package]]
name = "ttf-parser"
version = "0.25.1"
source = "registry+https://github.com/rust-lang/crates.io-index"
checksum = "d2df906b07856748fa3f6e0ad0cbaa047052d4a7dd609e231c4f72cee8c36f31"
dependencies = [
 "core_maths",
]

[[package]]
name = "typenum"
version = "1.20.0"
source = "registry+https://github.com/rust-lang/crates.io-index"
checksum = "40ce102ab67701b8526c123c1bab5cbe42d7040ccfd0f64af1a385808d2f43de"

[[package]]
name = "unicode-ident"
version = "1.0.18"
source = "registry+https://github.com/rust-lang/crates.io-index"
checksum = "5a5f39404a5da50712a4c1eecf25e90dd62b613502b7e925fd4e4d19b5c96512"

[[package]]
name = "unicode-xid"
version = "0.2.6"
source = "registry+https://github.com/rust-lang/crates.io-index"
checksum = "ebc1c04c71510c7f702b52b7c350734c9ff1295c464a03335b00bb84fc54f853"

[[package]]
name = "unsynn"
version = "0.3.0"
source = "registry+https://github.com/rust-lang/crates.io-index"
checksum = "501a7adf1a4bd9951501e5c66621e972ef8874d787628b7f90e64f936ef7ec0a"
dependencies = [
 "mutants",
 "proc-macro2",
 "rustc-hash",
]

[[package]]
name = "uom"
version = "0.38.0"
source = "registry+https://github.com/rust-lang/crates.io-index"
checksum = "a739f83872836c82a4f2527d4e54b37007b3de68cafe7edde95fd695968bf4b9"
dependencies = [
 "num-bigint",
 "num-complex",
 "num-rational",
 "num-traits",
 "serde_core",
 "typenum",
]

[[package]]
name = "uuid"
version = "1.23.1"
source = "registry+https://github.com/rust-lang/crates.io-index"
checksum = "ddd74a9687298c6858e9b88ec8935ec45d22e8fd5e6394fa1bd4e99a87789c76"
dependencies = [
 "getrandom",
 "js-sys",
 "wasm-bindgen",
]

[[package]]
name = "valuable"
version = "0.1.1"
source = "registry+https://github.com/rust-lang/crates.io-index"
checksum = "ba73ea9cf16a25df0c8caa16c51acb937d5712a8429db78a3ee29d5dcacd3a65"

[[package]]
name = "version_check"
version = "0.9.5"
source = "registry+https://github.com/rust-lang/crates.io-index"
checksum = "0b928f33d975fc6ad9f86c8f283853ad26bdd5b10b7f1542aa2fa15e2289105a"

[[package]]
name = "vswhom"
version = "0.1.0"
source = "registry+https://github.com/rust-lang/crates.io-index"
checksum = "be979b7f07507105799e854203b470ff7c78a1639e330a58f183b5fea574608b"
dependencies = [
 "libc",
 "vswhom-sys",
]

[[package]]
name = "vswhom-sys"
version = "0.1.3"
source = "registry+https://github.com/rust-lang/crates.io-index"
checksum = "fb067e4cbd1ff067d1df46c9194b5de0e98efd2810bbc95c5d5e5f25a3231150"
dependencies = [
 "cc",
 "libc",
]

[[package]]
name = "wasip2"
version = "1.0.3+wasi-0.2.9"
source = "registry+https://github.com/rust-lang/crates.io-index"
checksum = "20064672db26d7cdc89c7798c48a0fdfac8213434a1186e5ef29fd560ae223d6"
dependencies = [
 "wit-bindgen 0.57.1",
]

[[package]]
name = "wasip3"
version = "0.4.0+wasi-0.3.0-rc-2026-01-06"
source = "registry+https://github.com/rust-lang/crates.io-index"
checksum = "5428f8bf88ea5ddc08faddef2ac4a67e390b88186c703ce6dbd955e1c145aca5"
dependencies = [
 "wit-bindgen 0.51.0",
]

[[package]]
name = "wasm-bindgen"
version = "0.2.121"
source = "registry+https://github.com/rust-lang/crates.io-index"
checksum = "49ace1d07c165b0864824eee619580c4689389afa9dc9ed3a4c75040d82e6790"
dependencies = [
 "cfg-if",
 "once_cell",
 "rustversion",
 "wasm-bindgen-macro",
 "wasm-bindgen-shared",
]

[[package]]
name = "wasm-bindgen-macro"
version = "0.2.121"
source = "registry+https://github.com/rust-lang/crates.io-index"
checksum = "8e68e6f4afd367a562002c05637acb8578ff2dea1943df76afb9e83d177c8578"
dependencies = [
 "quote",
 "wasm-bindgen-macro-support",
]

[[package]]
name = "wasm-bindgen-macro-support"
version = "0.2.121"
source = "registry+https://github.com/rust-lang/crates.io-index"
checksum = "d95a9ec35c64b2a7cb35d3fead40c4238d0940c86d107136999567a4703259f2"
dependencies = [
 "bumpalo",
 "proc-macro2",
 "quote",
 "syn",
 "wasm-bindgen-shared",
]

[[package]]
name = "wasm-bindgen-shared"
version = "0.2.121"
source = "registry+https://github.com/rust-lang/crates.io-index"
checksum = "c4e0100b01e9f0d03189a92b96772a1fb998639d981193d7dbab487302513441"
dependencies = [
 "unicode-ident",
]

[[package]]
name = "wasm-encoder"
version = "0.244.0"
source = "registry+https://github.com/rust-lang/crates.io-index"
checksum = "990065f2fe63003fe337b932cfb5e3b80e0b4d0f5ff650e6985b1048f62c8319"
dependencies = [
 "leb128fmt",
 "wasmparser",
]

[[package]]
name = "wasm-metadata"
version = "0.244.0"
source = "registry+https://github.com/rust-lang/crates.io-index"
checksum = "bb0e353e6a2fbdc176932bbaab493762eb1255a7900fe0fea1a2f96c296cc909"
dependencies = [
 "anyhow",
 "indexmap",
 "wasm-encoder",
 "wasmparser",
]

[[package]]
name = "wasmparser"
version = "0.244.0"
source = "registry+https://github.com/rust-lang/crates.io-index"
checksum = "47b807c72e1bac69382b3a6fb3dbe8ea4c0ed87ff5629b8685ae6b9a611028fe"
dependencies = [
 "bitflags",
 "hashbrown 0.15.5",
 "indexmap",
 "semver",
]

[[package]]
name = "wide"
version = "0.7.33"
source = "registry+https://github.com/rust-lang/crates.io-index"
checksum = "0ce5da8ecb62bcd8ec8b7ea19f69a51275e91299be594ea5cc6ef7819e16cd03"
dependencies = [
 "bytemuck",
 "safe_arch",
]

[[package]]
name = "windows"
version = "0.61.3"
source = "registry+https://github.com/rust-lang/crates.io-index"
checksum = "9babd3a767a4c1aef6900409f85f5d53ce2544ccdfaa86dad48c91782c6d6893"
dependencies = [
 "windows-collections",
 "windows-core",
 "windows-future",
 "windows-link 0.1.3",
 "windows-numerics",
]

[[package]]
name = "windows-collections"
version = "0.2.0"
source = "registry+https://github.com/rust-lang/crates.io-index"
checksum = "3beeceb5e5cfd9eb1d76b381630e82c4241ccd0d27f1a39ed41b2760b255c5e8"
dependencies = [
 "windows-core",
]

[[package]]
name = "windows-core"
version = "0.61.2"
source = "registry+https://github.com/rust-lang/crates.io-index"
checksum = "c0fdd3ddb90610c7638aa2b3a3ab2904fb9e5cdbecc643ddb3647212781c4ae3"
dependencies = [
 "windows-implement",
 "windows-interface",
 "windows-link 0.1.3",
 "windows-result",
 "windows-strings",
]

[[package]]
name = "windows-future"
version = "0.2.1"
source = "registry+https://github.com/rust-lang/crates.io-index"
checksum = "fc6a41e98427b19fe4b73c550f060b59fa592d7d686537eebf9385621bfbad8e"
dependencies = [
 "windows-core",
 "windows-link 0.1.3",
 "windows-threading",
]

[[package]]
name = "windows-implement"
version = "0.60.2"
source = "registry+https://github.com/rust-lang/crates.io-index"
checksum = "053e2e040ab57b9dc951b72c264860db7eb3b0200ba345b4e4c3b14f67855ddf"
dependencies = [
 "proc-macro2",
 "quote",
 "syn",
]

[[package]]
name = "windows-interface"
version = "0.59.3"
source = "registry+https://github.com/rust-lang/crates.io-index"
checksum = "3f316c4a2570ba26bbec722032c4099d8c8bc095efccdc15688708623367e358"
dependencies = [
 "proc-macro2",
 "quote",
 "syn",
]

[[package]]
name = "windows-link"
version = "0.1.3"
source = "registry+https://github.com/rust-lang/crates.io-index"
checksum = "5e6ad25900d524eaabdbbb96d20b4311e1e7ae1699af4fb28c17ae66c80d798a"

[[package]]
name = "windows-link"
version = "0.2.1"
source = "registry+https://github.com/rust-lang/crates.io-index"
checksum = "f0805222e57f7521d6a62e36fa9163bc891acd422f971defe97d64e70d0a4fe5"

[[package]]
name = "windows-numerics"
version = "0.2.0"
source = "registry+https://github.com/rust-lang/crates.io-index"
checksum = "9150af68066c4c5c07ddc0ce30421554771e528bde427614c61038bc2c92c2b1"
dependencies = [
 "windows-core",
 "windows-link 0.1.3",
]

[[package]]
name = "windows-result"
version = "0.3.4"
source = "registry+https://github.com/rust-lang/crates.io-index"
checksum = "56f42bd332cc6c8eac5af113fc0c1fd6a8fd2aa08a0119358686e5160d0586c6"
dependencies = [
 "windows-link 0.1.3",
]

[[package]]
name = "windows-strings"
version = "0.4.2"
source = "registry+https://github.com/rust-lang/crates.io-index"
checksum = "56e6c93f3a0c3b36176cb1327a4958a0353d5d166c2a35cb268ace15e91d3b57"
dependencies = [
 "windows-link 0.1.3",
]

[[package]]
name = "windows-sys"
version = "0.59.0"
source = "registry+https://github.com/rust-lang/crates.io-index"
checksum = "1e38bc4d79ed67fd075bcc251a1c39b32a1776bbe92e5bef1f0bf1f8c531853b"
dependencies = [
 "windows-targets",
]

[[package]]
name = "windows-targets"
version = "0.52.6"
source = "registry+https://github.com/rust-lang/crates.io-index"
checksum = "9b724f72796e036ab90c1021d4780d4d3d648aca59e491e6b98e725b84e99973"
dependencies = [
 "windows_aarch64_gnullvm",
 "windows_aarch64_msvc",
 "windows_i686_gnu",
 "windows_i686_gnullvm",
 "windows_i686_msvc",
 "windows_x86_64_gnu",
 "windows_x86_64_gnullvm",
 "windows_x86_64_msvc",
]

[[package]]
name = "windows-threading"
version = "0.1.0"
source = "registry+https://github.com/rust-lang/crates.io-index"
checksum = "b66463ad2e0ea3bbf808b7f1d371311c80e115c0b71d60efc142cafbcfb057a6"
dependencies = [
 "windows-link 0.1.3",
]

[[package]]
name = "windows_aarch64_gnullvm"
version = "0.52.6"
source = "registry+https://github.com/rust-lang/crates.io-index"
checksum = "32a4622180e7a0ec044bb555404c800bc9fd9ec262ec147edd5989ccd0c02cd3"

[[package]]
name = "windows_aarch64_msvc"
version = "0.52.6"
source = "registry+https://github.com/rust-lang/crates.io-index"
checksum = "09ec2a7bb152e2252b53fa7803150007879548bc709c039df7627cabbd05d469"

[[package]]
name = "windows_i686_gnu"
version = "0.52.6"
source = "registry+https://github.com/rust-lang/crates.io-index"
checksum = "8e9b5ad5ab802e97eb8e295ac6720e509ee4c243f69d781394014ebfe8bbfa0b"

[[package]]
name = "windows_i686_gnullvm"
version = "0.52.6"
source = "registry+https://github.com/rust-lang/crates.io-index"
checksum = "0eee52d38c090b3caa76c563b86c3a4bd71ef1a819287c19d586d7334ae8ed66"

[[package]]
name = "windows_i686_msvc"
version = "0.52.6"
source = "registry+https://github.com/rust-lang/crates.io-index"
checksum = "240948bc05c5e7c6dabba28bf89d89ffce3e303022809e73deaefe4f6ec56c66"

[[package]]
name = "windows_x86_64_gnu"
version = "0.52.6"
source = "registry+https://github.com/rust-lang/crates.io-index"
checksum = "147a5c80aabfbf0c7d901cb5895d1de30ef2907eb21fbbab29ca94c5b08b1a78"

[[package]]
name = "windows_x86_64_gnullvm"
version = "0.52.6"
source = "registry+https://github.com/rust-lang/crates.io-index"
checksum = "24d5b23dc417412679681396f2b49f3de8c1473deb516bd34410872eff51ed0d"

[[package]]
name = "windows_x86_64_msvc"
version = "0.52.6"
source = "registry+https://github.com/rust-lang/crates.io-index"
checksum = "589f6da84c646204747d1270a2a5661ea66ed1cced2631d546fdfb155959f9ec"

[[package]]
name = "winnow"
version = "0.7.14"
source = "registry+https://github.com/rust-lang/crates.io-index"
checksum = "5a5364e9d77fcdeeaa6062ced926ee3381faa2ee02d3eb83a5c27a8825540829"

[[package]]
name = "winreg"
version = "0.55.0"
source = "registry+https://github.com/rust-lang/crates.io-index"
checksum = "cb5a765337c50e9ec252c2069be9bf91c7df47afb103b642ba3a53bf8101be97"
dependencies = [
 "cfg-if",
 "windows-sys",
]

[[package]]
name = "wit-bindgen"
version = "0.51.0"
source = "registry+https://github.com/rust-lang/crates.io-index"
checksum = "d7249219f66ced02969388cf2bb044a09756a083d0fab1e566056b04d9fbcaa5"
dependencies = [
 "wit-bindgen-rust-macro",
]

[[package]]
name = "wit-bindgen"
version = "0.57.1"
source = "registry+https://github.com/rust-lang/crates.io-index"
checksum = "1ebf944e87a7c253233ad6766e082e3cd714b5d03812acc24c318f549614536e"

[[package]]
name = "wit-bindgen-core"
version = "0.51.0"
source = "registry+https://github.com/rust-lang/crates.io-index"
checksum = "ea61de684c3ea68cb082b7a88508a8b27fcc8b797d738bfc99a82facf1d752dc"
dependencies = [
 "anyhow",
 "heck",
 "wit-parser",
]

[[package]]
name = "wit-bindgen-rust"
version = "0.51.0"
source = "registry+https://github.com/rust-lang/crates.io-index"
checksum = "b7c566e0f4b284dd6561c786d9cb0142da491f46a9fbed79ea69cdad5db17f21"
dependencies = [
 "anyhow",
 "heck",
 "indexmap",
 "prettyplease",
 "syn",
 "wasm-metadata",
 "wit-bindgen-core",
 "wit-component",
]

[[package]]
name = "wit-bindgen-rust-macro"
version = "0.51.0"
source = "registry+https://github.com/rust-lang/crates.io-index"
checksum = "0c0f9bfd77e6a48eccf51359e3ae77140a7f50b1e2ebfe62422d8afdaffab17a"
dependencies = [
 "anyhow",
 "prettyplease",
 "proc-macro2",
 "quote",
 "syn",
 "wit-bindgen-core",
 "wit-bindgen-rust",
]

[[package]]
name = "wit-component"
version = "0.244.0"
source = "registry+https://github.com/rust-lang/crates.io-index"
checksum = "9d66ea20e9553b30172b5e831994e35fbde2d165325bec84fc43dbf6f4eb9cb2"
dependencies = [
 "anyhow",
 "bitflags",
 "indexmap",
 "log",
 "serde",
 "serde_derive",
 "serde_json",
 "wasm-encoder",
 "wasm-metadata",
 "wasmparser",
 "wit-parser",
]

[[package]]
name = "wit-parser"
version = "0.244.0"
source = "registry+https://github.com/rust-lang/crates.io-index"
checksum = "ecc8ac4bc1dc3381b7f59c34f00b67e18f910c2c0f50015669dde7def656a736"
dependencies = [
 "anyhow",
 "id-arena",
 "indexmap",
 "log",
 "semver",
 "serde",
 "serde_derive",
 "serde_json",
 "unicode-xid",
 "wasmparser",
]

[[package]]
name = "zmij"
version = "1.0.21"
source = "registry+https://github.com/rust-lang/crates.io-index"
checksum = "b8848ee67ecc8aedbaf3e4122217aff892639231befc6a1b58d29fff4c2cabaa"
